
Microsoft Visual Studio Solution File, Format Version 12.00
# Visual Studio Version 17
VisualStudioVersion = 17.5.33530.505
MinimumVisualStudioVersion = 10.0.40219.1
Project("{9A19103F-16F7-4668-BE54-9A1E7A4F7556}") = "InvoiceMaker", "InvoiceMaker.csproj", "{10A84C4F-6836-440A-9A49-CACF84FA69B1}"
EndProject
Project("{9A19103F-16F7-4668-BE54-9A1E7A4F7556}") = "InvoiceMakerLib", "..\InvoiceMakerLib\InvoiceMakerLib.csproj", "{5DD6CFBD-794C-4C84-B160-E25E7D2F2B58}"
EndProject
Project("{FAE04EC0-301F-11D3-BF4B-00C04F79EFBC}") = "InvoiceEntities", "..\InvoiceEntities\InvoiceEntities.csproj", "{2DF52F69-162A-4402-893B-DF880CD5BB1B}"
EndProject
Global
	GlobalSection(SolutionConfigurationPlatforms) = preSolution
		Debug|Any CPU = Debug|Any CPU
		Release|Any CPU = Release|Any CPU
	EndGlobalSection
	GlobalSection(ProjectConfigurationPlatforms) = postSolution
		{10A84C4F-6836-440A-9A49-CACF84FA69B1}.Debug|Any CPU.ActiveCfg = Debug|Any CPU
		{10A84C4F-6836-440A-9A49-CACF84FA69B1}.Debug|Any CPU.Build.0 = Debug|Any CPU
		{10A84C4F-6836-440A-9A49-CACF84FA69B1}.Release|Any CPU.ActiveCfg = Release|Any CPU
		{10A84C4F-6836-440A-9A49-CACF84FA69B1}.Release|Any CPU.Build.0 = Release|Any CPU
		{5DD6CFBD-794C-4C84-B160-E25E7D2F2B58}.Debug|Any CPU.ActiveCfg = Debug|Any CPU
		{5DD6CFBD-794C-4C84-B160-E25E7D2F2B58}.Debug|Any CPU.Build.0 = Debug|Any CPU
		{5DD6CFBD-794C-4C84-B160-E25E7D2F2B58}.Release|Any CPU.ActiveCfg = Release|Any CPU
		{5DD6CFBD-794C-4C84-B160-E25E7D2F2B58}.Release|Any CPU.Build.0 = Release|Any CPU
		{2DF52F69-162A-4402-893B-DF880CD5BB1B}.Debug|Any CPU.ActiveCfg = Debug|Any CPU
		{2DF52F69-162A-4402-893B-DF880CD5BB1B}.Debug|Any CPU.Build.0 = Debug|Any CPU
		{2DF52F69-162A-4402-893B-DF880CD5BB1B}.Release|Any CPU.ActiveCfg = Release|Any CPU
		{2DF52F69-162A-4402-893B-DF880CD5BB1B}.Release|Any CPU.Build.0 = Release|Any CPU
	EndGlobalSection
	GlobalSection(SolutionProperties) = preSolution
		HideSolutionNode = FALSE
	EndGlobalSection
	GlobalSection(ExtensibilityGlobals) = postSolution
		SolutionGuid = {B72F3C01-1369-4150-9735-12F128FA2AD4}
	EndGlobalSection
EndGlobal
