
Microsoft Visual Studio Solution File, Format Version 12.00
# Visual Studio Version 17
VisualStudioVersion = 17.5.33530.505
MinimumVisualStudioVersion = 10.0.40219.1
Project("{FAE04EC0-301F-11D3-BF4B-00C04F79EFBC}") = "InvoiceMakerLib", "InvoiceMakerLib.csproj", "{DF684AF7-C923-456B-8042-40747E2E3EE6}"
EndProject
Project("{FAE04EC0-301F-11D3-BF4B-00C04F79EFBC}") = "InvoiceMakerTester", "..\InvoiceMakerTester\InvoiceMakerTester.csproj", "{AB80E9FE-4113-485E-A34F-4D42734FEC8D}"
EndProject
Global
	GlobalSection(SolutionConfigurationPlatforms) = preSolution
		Debug|Any CPU = Debug|Any CPU
		Release|Any CPU = Release|Any CPU
	EndGlobalSection
	GlobalSection(ProjectConfigurationPlatforms) = postSolution
		{DF684AF7-C923-456B-8042-40747E2E3EE6}.Debug|Any CPU.ActiveCfg = Debug|Any CPU
		{DF684AF7-C923-456B-8042-40747E2E3EE6}.Debug|Any CPU.Build.0 = Debug|Any CPU
		{DF684AF7-C923-456B-8042-40747E2E3EE6}.Release|Any CPU.ActiveCfg = Release|Any CPU
		{DF684AF7-C923-456B-8042-40747E2E3EE6}.Release|Any CPU.Build.0 = Release|Any CPU
		{AB80E9FE-4113-485E-A34F-4D42734FEC8D}.Debug|Any CPU.ActiveCfg = Debug|Any CPU
		{AB80E9FE-4113-485E-A34F-4D42734FEC8D}.Debug|Any CPU.Build.0 = Debug|Any CPU
		{AB80E9FE-4113-485E-A34F-4D42734FEC8D}.Release|Any CPU.ActiveCfg = Release|Any CPU
		{AB80E9FE-4113-485E-A34F-4D42734FEC8D}.Release|Any CPU.Build.0 = Release|Any CPU
	EndGlobalSection
	GlobalSection(SolutionProperties) = preSolution
		HideSolutionNode = FALSE
	EndGlobalSection
	GlobalSection(ExtensibilityGlobals) = postSolution
		SolutionGuid = {06DFB877-0B07-4B92-9E34-27BB8CCC2F34}
	EndGlobalSection
EndGlobal
